
Microsoft Visual Studio Solution File, Format Version 12.00
Project("{FAE04EC0-301F-11D3-BF4B-00C04F79EFBC}") = "louis-agent.core", "louis-agent.core\louis-agent.core.csproj", "{D75EE941-E529-4772-A167-BAB95713163A}"
EndProject
Project("{2150E333-8FDC-42A3-9474-1A3956D46DE8}") = "src", "src", "{DCC1CE0E-F809-478D-B076-F2C64A71CDFB}"
	ProjectSection(SolutionItems) = preProject
		.env = .env
	EndProjectSection
EndProject
Project("{FAE04EC0-301F-11D3-BF4B-00C04F79EFBC}") = "louis-agent.cli", "src\louis-agent.cli\louis-agent.cli.csproj", "{10926F76-8821-4486-B41B-DBA0769F3E53}"
EndProject
Project("{FAE04EC0-301F-11D3-BF4B-00C04F79EFBC}") = "louis-agent.core.tests", "tests\louis-agent.core.tests\louis-agent.core.tests.csproj", "{29C21C18-8D45-4F52-862F-604E694DD9FC}"
EndProject
Project("{FAE04EC0-301F-11D3-BF4B-00C04F79EFBC}") = "louis-agent.mcp-server", "src\louis-agent.mcp-server\louis-agent.mcp-server.csproj", "{A2CB6834-DB10-4DD8-817F-12377FD055E4}"
EndProject
Project("{FAE04EC0-301F-11D3-BF4B-00C04F79EFBC}") = "louis-agent.acp-server", "src\louis-agent.acp-server\louis-agent.acp-server.csproj", "{5377CA27-525C-4228-ABAB-88D1C63C2A46}"
EndProject
Project("{FAE04EC0-301F-11D3-BF4B-00C04F79EFBC}") = "louis-agent.api", "src\louis-agent.api\louis-agent.api.csproj", "{00E53CA6-5EF8-4D7A-8928-6749C7C0B942}"
EndProject
Project("{FAE04EC0-301F-11D3-BF4B-00C04F79EFBC}") = "louis-agent.web", "src\louis-agent.web\louis-agent.web.csproj", "{D77B32E0-6DCF-4CBF-8268-EB7FAC492052}"
EndProject
Project("{FAE04EC0-301F-11D3-BF4B-00C04F79EFBC}") = "louis-agent.orchestrator", "src\louis-agent.orchestrator\louis-agent.orchestrator.csproj", "{99135CF2-B1A3-40D9-89B4-802289451175}"
EndProject
Project("{FAE04EC0-301F-11D3-BF4B-00C04F79EFBC}") = "louis-agent.orchestrator.tests", "tests\louis-agent.orchestrator.tests\louis-agent.orchestrator.tests.csproj", "{D89F7C1A-D1E8-405E-AE71-1F3BAFA6F687}"
EndProject
Project("{2150E333-8FDC-42A3-9474-1A3956D46DE8}") = "tools", "tools", "{07C2787E-EAC7-C090-1BA3-A61EC2A24D84}"
EndProject
Project("{FAE04EC0-301F-11D3-BF4B-00C04F79EFBC}") = "louis-agent.usage-probe", "tools\louis-agent.usage-probe\louis-agent.usage-probe.csproj", "{B570E980-4301-4AFF-9273-3A6F2D17B2AF}"
EndProject
Project("{2150E333-8FDC-42A3-9474-1A3956D46DE8}") = "samples", "samples", "{5D20AA90-6969-D8BD-9DCD-8634F4692FDA}"
EndProject
Project("{FAE04EC0-301F-11D3-BF4B-00C04F79EFBC}") = "OrderService", "samples\order-service\src\OrderService\OrderService.csproj", "{DEA3818C-F899-4BC0-980E-B850195A19A0}"
EndProject
Project("{FAE04EC0-301F-11D3-BF4B-00C04F79EFBC}") = "OrderService.Tests", "samples\order-service\tests\OrderService.Tests\OrderService.Tests.csproj", "{68FB0057-1311-45FC-A28B-85A8A0120E7B}"
EndProject
Global
	GlobalSection(SolutionConfigurationPlatforms) = preSolution
		Debug|Any CPU = Debug|Any CPU
		Debug|x64 = Debug|x64
		Debug|x86 = Debug|x86
		Release|Any CPU = Release|Any CPU
		Release|x64 = Release|x64
		Release|x86 = Release|x86
	EndGlobalSection
	GlobalSection(ProjectConfigurationPlatforms) = postSolution
		{D75EE941-E529-4772-A167-BAB95713163A}.Debug|Any CPU.ActiveCfg = Debug|Any CPU
		{D75EE941-E529-4772-A167-BAB95713163A}.Debug|Any CPU.Build.0 = Debug|Any CPU
		{D75EE941-E529-4772-A167-BAB95713163A}.Debug|x64.ActiveCfg = Debug|Any CPU
		{D75EE941-E529-4772-A167-BAB95713163A}.Debug|x64.Build.0 = Debug|Any CPU
		{D75EE941-E529-4772-A167-BAB95713163A}.Debug|x86.ActiveCfg = Debug|Any CPU
		{D75EE941-E529-4772-A167-BAB95713163A}.Debug|x86.Build.0 = Debug|Any CPU
		{D75EE941-E529-4772-A167-BAB95713163A}.Release|Any CPU.ActiveCfg = Release|Any CPU
		{D75EE941-E529-4772-A167-BAB95713163A}.Release|Any CPU.Build.0 = Release|Any CPU
		{D75EE941-E529-4772-A167-BAB95713163A}.Release|x64.ActiveCfg = Release|Any CPU
		{D75EE941-E529-4772-A167-BAB95713163A}.Release|x64.Build.0 = Release|Any CPU
		{D75EE941-E529-4772-A167-BAB95713163A}.Release|x86.ActiveCfg = Release|Any CPU
		{D75EE941-E529-4772-A167-BAB95713163A}.Release|x86.Build.0 = Release|Any CPU
		{10926F76-8821-4486-B41B-DBA0769F3E53}.Debug|Any CPU.ActiveCfg = Debug|Any CPU
		{10926F76-8821-4486-B41B-DBA0769F3E53}.Debug|Any CPU.Build.0 = Debug|Any CPU
		{10926F76-8821-4486-B41B-DBA0769F3E53}.Debug|x64.ActiveCfg = Debug|Any CPU
		{10926F76-8821-4486-B41B-DBA0769F3E53}.Debug|x64.Build.0 = Debug|Any CPU
		{10926F76-8821-4486-B41B-DBA0769F3E53}.Debug|x86.ActiveCfg = Debug|Any CPU
		{10926F76-8821-4486-B41B-DBA0769F3E53}.Debug|x86.Build.0 = Debug|Any CPU
		{10926F76-8821-4486-B41B-DBA0769F3E53}.Release|Any CPU.ActiveCfg = Release|Any CPU
		{10926F76-8821-4486-B41B-DBA0769F3E53}.Release|Any CPU.Build.0 = Release|Any CPU
		{10926F76-8821-4486-B41B-DBA0769F3E53}.Release|x64.ActiveCfg = Release|Any CPU
		{10926F76-8821-4486-B41B-DBA0769F3E53}.Release|x64.Build.0 = Release|Any CPU
		{10926F76-8821-4486-B41B-DBA0769F3E53}.Release|x86.ActiveCfg = Release|Any CPU
		{10926F76-8821-4486-B41B-DBA0769F3E53}.Release|x86.Build.0 = Release|Any CPU
		{29C21C18-8D45-4F52-862F-604E694DD9FC}.Debug|Any CPU.ActiveCfg = Debug|Any CPU
		{29C21C18-8D45-4F52-862F-604E694DD9FC}.Debug|Any CPU.Build.0 = Debug|Any CPU
		{29C21C18-8D45-4F52-862F-604E694DD9FC}.Debug|x64.ActiveCfg = Debug|Any CPU
		{29C21C18-8D45-4F52-862F-604E694DD9FC}.Debug|x64.Build.0 = Debug|Any CPU
		{29C21C18-8D45-4F52-862F-604E694DD9FC}.Debug|x86.ActiveCfg = Debug|Any CPU
		{29C21C18-8D45-4F52-862F-604E694DD9FC}.Debug|x86.Build.0 = Debug|Any CPU
		{29C21C18-8D45-4F52-862F-604E694DD9FC}.Release|Any CPU.ActiveCfg = Release|Any CPU
		{29C21C18-8D45-4F52-862F-604E694DD9FC}.Release|Any CPU.Build.0 = Release|Any CPU
		{29C21C18-8D45-4F52-862F-604E694DD9FC}.Release|x64.ActiveCfg = Release|Any CPU
		{29C21C18-8D45-4F52-862F-604E694DD9FC}.Release|x64.Build.0 = Release|Any CPU
		{29C21C18-8D45-4F52-862F-604E694DD9FC}.Release|x86.ActiveCfg = Release|Any CPU
		{29C21C18-8D45-4F52-862F-604E694DD9FC}.Release|x86.Build.0 = Release|Any CPU
		{A2CB6834-DB10-4DD8-817F-12377FD055E4}.Debug|Any CPU.ActiveCfg = Debug|Any CPU
		{A2CB6834-DB10-4DD8-817F-12377FD055E4}.Debug|Any CPU.Build.0 = Debug|Any CPU
		{A2CB6834-DB10-4DD8-817F-12377FD055E4}.Debug|x64.ActiveCfg = Debug|Any CPU
		{A2CB6834-DB10-4DD8-817F-12377FD055E4}.Debug|x64.Build.0 = Debug|Any CPU
		{A2CB6834-DB10-4DD8-817F-12377FD055E4}.Debug|x86.ActiveCfg = Debug|Any CPU
		{A2CB6834-DB10-4DD8-817F-12377FD055E4}.Debug|x86.Build.0 = Debug|Any CPU
		{A2CB6834-DB10-4DD8-817F-12377FD055E4}.Release|Any CPU.ActiveCfg = Release|Any CPU
		{A2CB6834-DB10-4DD8-817F-12377FD055E4}.Release|Any CPU.Build.0 = Release|Any CPU
		{A2CB6834-DB10-4DD8-817F-12377FD055E4}.Release|x64.ActiveCfg = Release|Any CPU
		{A2CB6834-DB10-4DD8-817F-12377FD055E4}.Release|x64.Build.0 = Release|Any CPU
		{A2CB6834-DB10-4DD8-817F-12377FD055E4}.Release|x86.ActiveCfg = Release|Any CPU
		{A2CB6834-DB10-4DD8-817F-12377FD055E4}.Release|x86.Build.0 = Release|Any CPU
		{5377CA27-525C-4228-ABAB-88D1C63C2A46}.Debug|Any CPU.ActiveCfg = Debug|Any CPU
		{5377CA27-525C-4228-ABAB-88D1C63C2A46}.Debug|Any CPU.Build.0 = Debug|Any CPU
		{5377CA27-525C-4228-ABAB-88D1C63C2A46}.Debug|x64.ActiveCfg = Debug|Any CPU
		{5377CA27-525C-4228-ABAB-88D1C63C2A46}.Debug|x64.Build.0 = Debug|Any CPU
		{5377CA27-525C-4228-ABAB-88D1C63C2A46}.Debug|x86.ActiveCfg = Debug|Any CPU
		{5377CA27-525C-4228-ABAB-88D1C63C2A46}.Debug|x86.Build.0 = Debug|Any CPU
		{5377CA27-525C-4228-ABAB-88D1C63C2A46}.Release|Any CPU.ActiveCfg = Release|Any CPU
		{5377CA27-525C-4228-ABAB-88D1C63C2A46}.Release|Any CPU.Build.0 = Release|Any CPU
		{5377CA27-525C-4228-ABAB-88D1C63C2A46}.Release|x64.ActiveCfg = Release|Any CPU
		{5377CA27-525C-4228-ABAB-88D1C63C2A46}.Release|x64.Build.0 = Release|Any CPU
		{5377CA27-525C-4228-ABAB-88D1C63C2A46}.Release|x86.ActiveCfg = Release|Any CPU
		{5377CA27-525C-4228-ABAB-88D1C63C2A46}.Release|x86.Build.0 = Release|Any CPU
		{00E53CA6-5EF8-4D7A-8928-6749C7C0B942}.Debug|Any CPU.ActiveCfg = Debug|Any CPU
		{00E53CA6-5EF8-4D7A-8928-6749C7C0B942}.Debug|Any CPU.Build.0 = Debug|Any CPU
		{00E53CA6-5EF8-4D7A-8928-6749C7C0B942}.Debug|x64.ActiveCfg = Debug|Any CPU
		{00E53CA6-5EF8-4D7A-8928-6749C7C0B942}.Debug|x64.Build.0 = Debug|Any CPU
		{00E53CA6-5EF8-4D7A-8928-6749C7C0B942}.Debug|x86.ActiveCfg = Debug|Any CPU
		{00E53CA6-5EF8-4D7A-8928-6749C7C0B942}.Debug|x86.Build.0 = Debug|Any CPU
		{00E53CA6-5EF8-4D7A-8928-6749C7C0B942}.Release|Any CPU.ActiveCfg = Release|Any CPU
		{00E53CA6-5EF8-4D7A-8928-6749C7C0B942}.Release|Any CPU.Build.0 = Release|Any CPU
		{00E53CA6-5EF8-4D7A-8928-6749C7C0B942}.Release|x64.ActiveCfg = Release|Any CPU
		{00E53CA6-5EF8-4D7A-8928-6749C7C0B942}.Release|x64.Build.0 = Release|Any CPU
		{00E53CA6-5EF8-4D7A-8928-6749C7C0B942}.Release|x86.ActiveCfg = Release|Any CPU
		{00E53CA6-5EF8-4D7A-8928-6749C7C0B942}.Release|x86.Build.0 = Release|Any CPU
		{D77B32E0-6DCF-4CBF-8268-EB7FAC492052}.Debug|Any CPU.ActiveCfg = Debug|Any CPU
		{D77B32E0-6DCF-4CBF-8268-EB7FAC492052}.Debug|Any CPU.Build.0 = Debug|Any CPU
		{D77B32E0-6DCF-4CBF-8268-EB7FAC492052}.Debug|x64.ActiveCfg = Debug|Any CPU
		{D77B32E0-6DCF-4CBF-8268-EB7FAC492052}.Debug|x64.Build.0 = Debug|Any CPU
		{D77B32E0-6DCF-4CBF-8268-EB7FAC492052}.Debug|x86.ActiveCfg = Debug|Any CPU
		{D77B32E0-6DCF-4CBF-8268-EB7FAC492052}.Debug|x86.Build.0 = Debug|Any CPU
		{D77B32E0-6DCF-4CBF-8268-EB7FAC492052}.Release|Any CPU.ActiveCfg = Release|Any CPU
		{D77B32E0-6DCF-4CBF-8268-EB7FAC492052}.Release|Any CPU.Build.0 = Release|Any CPU
		{D77B32E0-6DCF-4CBF-8268-EB7FAC492052}.Release|x64.ActiveCfg = Release|Any CPU
		{D77B32E0-6DCF-4CBF-8268-EB7FAC492052}.Release|x64.Build.0 = Release|Any CPU
		{D77B32E0-6DCF-4CBF-8268-EB7FAC492052}.Release|x86.ActiveCfg = Release|Any CPU
		{D77B32E0-6DCF-4CBF-8268-EB7FAC492052}.Release|x86.Build.0 = Release|Any CPU
		{99135CF2-B1A3-40D9-89B4-802289451175}.Debug|Any CPU.ActiveCfg = Debug|Any CPU
		{99135CF2-B1A3-40D9-89B4-802289451175}.Debug|Any CPU.Build.0 = Debug|Any CPU
		{99135CF2-B1A3-40D9-89B4-802289451175}.Debug|x64.ActiveCfg = Debug|Any CPU
		{99135CF2-B1A3-40D9-89B4-802289451175}.Debug|x64.Build.0 = Debug|Any CPU
		{99135CF2-B1A3-40D9-89B4-802289451175}.Debug|x86.ActiveCfg = Debug|Any CPU
		{99135CF2-B1A3-40D9-89B4-802289451175}.Debug|x86.Build.0 = Debug|Any CPU
		{99135CF2-B1A3-40D9-89B4-802289451175}.Release|Any CPU.ActiveCfg = Release|Any CPU
		{99135CF2-B1A3-40D9-89B4-802289451175}.Release|Any CPU.Build.0 = Release|Any CPU
		{99135CF2-B1A3-40D9-89B4-802289451175}.Release|x64.ActiveCfg = Release|Any CPU
		{99135CF2-B1A3-40D9-89B4-802289451175}.Release|x64.Build.0 = Release|Any CPU
		{99135CF2-B1A3-40D9-89B4-802289451175}.Release|x86.ActiveCfg = Release|Any CPU
		{99135CF2-B1A3-40D9-89B4-802289451175}.Release|x86.Build.0 = Release|Any CPU
		{D89F7C1A-D1E8-405E-AE71-1F3BAFA6F687}.Debug|Any CPU.ActiveCfg = Debug|Any CPU
		{D89F7C1A-D1E8-405E-AE71-1F3BAFA6F687}.Debug|Any CPU.Build.0 = Debug|Any CPU
		{D89F7C1A-D1E8-405E-AE71-1F3BAFA6F687}.Debug|x64.ActiveCfg = Debug|Any CPU
		{D89F7C1A-D1E8-405E-AE71-1F3BAFA6F687}.Debug|x64.Build.0 = Debug|Any CPU
		{D89F7C1A-D1E8-405E-AE71-1F3BAFA6F687}.Debug|x86.ActiveCfg = Debug|Any CPU
		{D89F7C1A-D1E8-405E-AE71-1F3BAFA6F687}.Debug|x86.Build.0 = Debug|Any CPU
		{D89F7C1A-D1E8-405E-AE71-1F3BAFA6F687}.Release|Any CPU.ActiveCfg = Release|Any CPU
		{D89F7C1A-D1E8-405E-AE71-1F3BAFA6F687}.Release|Any CPU.Build.0 = Release|Any CPU
		{D89F7C1A-D1E8-405E-AE71-1F3BAFA6F687}.Release|x64.ActiveCfg = Release|Any CPU
		{D89F7C1A-D1E8-405E-AE71-1F3BAFA6F687}.Release|x64.Build.0 = Release|Any CPU
		{D89F7C1A-D1E8-405E-AE71-1F3BAFA6F687}.Release|x86.ActiveCfg = Release|Any CPU
		{D89F7C1A-D1E8-405E-AE71-1F3BAFA6F687}.Release|x86.Build.0 = Release|Any CPU
		{B570E980-4301-4AFF-9273-3A6F2D17B2AF}.Debug|Any CPU.ActiveCfg = Debug|Any CPU
		{B570E980-4301-4AFF-9273-3A6F2D17B2AF}.Debug|Any CPU.Build.0 = Debug|Any CPU
		{B570E980-4301-4AFF-9273-3A6F2D17B2AF}.Debug|x64.ActiveCfg = Debug|Any CPU
		{B570E980-4301-4AFF-9273-3A6F2D17B2AF}.Debug|x64.Build.0 = Debug|Any CPU
		{B570E980-4301-4AFF-9273-3A6F2D17B2AF}.Debug|x86.ActiveCfg = Debug|Any CPU
		{B570E980-4301-4AFF-9273-3A6F2D17B2AF}.Debug|x86.Build.0 = Debug|Any CPU
		{B570E980-4301-4AFF-9273-3A6F2D17B2AF}.Release|Any CPU.ActiveCfg = Release|Any CPU
		{B570E980-4301-4AFF-9273-3A6F2D17B2AF}.Release|Any CPU.Build.0 = Release|Any CPU
		{B570E980-4301-4AFF-9273-3A6F2D17B2AF}.Release|x64.ActiveCfg = Release|Any CPU
		{B570E980-4301-4AFF-9273-3A6F2D17B2AF}.Release|x64.Build.0 = Release|Any CPU
		{B570E980-4301-4AFF-9273-3A6F2D17B2AF}.Release|x86.ActiveCfg = Release|Any CPU
		{B570E980-4301-4AFF-9273-3A6F2D17B2AF}.Release|x86.Build.0 = Release|Any CPU
		{DEA3818C-F899-4BC0-980E-B850195A19A0}.Debug|Any CPU.ActiveCfg = Debug|Any CPU
		{DEA3818C-F899-4BC0-980E-B850195A19A0}.Debug|Any CPU.Build.0 = Debug|Any CPU
		{DEA3818C-F899-4BC0-980E-B850195A19A0}.Debug|x64.ActiveCfg = Debug|Any CPU
		{DEA3818C-F899-4BC0-980E-B850195A19A0}.Debug|x64.Build.0 = Debug|Any CPU
		{DEA3818C-F899-4BC0-980E-B850195A19A0}.Debug|x86.ActiveCfg = Debug|Any CPU
		{DEA3818C-F899-4BC0-980E-B850195A19A0}.Debug|x86.Build.0 = Debug|Any CPU
		{DEA3818C-F899-4BC0-980E-B850195A19A0}.Release|Any CPU.ActiveCfg = Release|Any CPU
		{DEA3818C-F899-4BC0-980E-B850195A19A0}.Release|Any CPU.Build.0 = Release|Any CPU
		{DEA3818C-F899-4BC0-980E-B850195A19A0}.Release|x64.ActiveCfg = Release|Any CPU
		{DEA3818C-F899-4BC0-980E-B850195A19A0}.Release|x64.Build.0 = Release|Any CPU
		{DEA3818C-F899-4BC0-980E-B850195A19A0}.Release|x86.ActiveCfg = Release|Any CPU
		{DEA3818C-F899-4BC0-980E-B850195A19A0}.Release|x86.Build.0 = Release|Any CPU
		{68FB0057-1311-45FC-A28B-85A8A0120E7B}.Debug|Any CPU.ActiveCfg = Debug|Any CPU
		{68FB0057-1311-45FC-A28B-85A8A0120E7B}.Debug|Any CPU.Build.0 = Debug|Any CPU
		{68FB0057-1311-45FC-A28B-85A8A0120E7B}.Debug|x64.ActiveCfg = Debug|Any CPU
		{68FB0057-1311-45FC-A28B-85A8A0120E7B}.Debug|x64.Build.0 = Debug|Any CPU
		{68FB0057-1311-45FC-A28B-85A8A0120E7B}.Debug|x86.ActiveCfg = Debug|Any CPU
		{68FB0057-1311-45FC-A28B-85A8A0120E7B}.Debug|x86.Build.0 = Debug|Any CPU
		{68FB0057-1311-45FC-A28B-85A8A0120E7B}.Release|Any CPU.ActiveCfg = Release|Any CPU
		{68FB0057-1311-45FC-A28B-85A8A0120E7B}.Release|Any CPU.Build.0 = Release|Any CPU
		{68FB0057-1311-45FC-A28B-85A8A0120E7B}.Release|x64.ActiveCfg = Release|Any CPU
		{68FB0057-1311-45FC-A28B-85A8A0120E7B}.Release|x64.Build.0 = Release|Any CPU
		{68FB0057-1311-45FC-A28B-85A8A0120E7B}.Release|x86.ActiveCfg = Release|Any CPU
		{68FB0057-1311-45FC-A28B-85A8A0120E7B}.Release|x86.Build.0 = Release|Any CPU
	EndGlobalSection
	GlobalSection(SolutionProperties) = preSolution
		HideSolutionNode = FALSE
	EndGlobalSection
	GlobalSection(NestedProjects) = preSolution
		{D75EE941-E529-4772-A167-BAB95713163A} = {DCC1CE0E-F809-478D-B076-F2C64A71CDFB}
		{10926F76-8821-4486-B41B-DBA0769F3E53} = {DCC1CE0E-F809-478D-B076-F2C64A71CDFB}
		{29C21C18-8D45-4F52-862F-604E694DD9FC} = {DCC1CE0E-F809-478D-B076-F2C64A71CDFB}
		{A2CB6834-DB10-4DD8-817F-12377FD055E4} = {DCC1CE0E-F809-478D-B076-F2C64A71CDFB}
		{5377CA27-525C-4228-ABAB-88D1C63C2A46} = {DCC1CE0E-F809-478D-B076-F2C64A71CDFB}
		{00E53CA6-5EF8-4D7A-8928-6749C7C0B942} = {DCC1CE0E-F809-478D-B076-F2C64A71CDFB}
		{D77B32E0-6DCF-4CBF-8268-EB7FAC492052} = {DCC1CE0E-F809-478D-B076-F2C64A71CDFB}
		{99135CF2-B1A3-40D9-89B4-802289451175} = {DCC1CE0E-F809-478D-B076-F2C64A71CDFB}
		{D89F7C1A-D1E8-405E-AE71-1F3BAFA6F687} = {DCC1CE0E-F809-478D-B076-F2C64A71CDFB}
		{B570E980-4301-4AFF-9273-3A6F2D17B2AF} = {07C2787E-EAC7-C090-1BA3-A61EC2A24D84}
		{DEA3818C-F899-4BC0-980E-B850195A19A0} = {5D20AA90-6969-D8BD-9DCD-8634F4692FDA}
		{68FB0057-1311-45FC-A28B-85A8A0120E7B} = {5D20AA90-6969-D8BD-9DCD-8634F4692FDA}
	EndGlobalSection
EndGlobal
